
Microsoft Visual Studio Solution File, Format Version 12.00
# Visual Studio Version 17
VisualStudioVersion = 17.7.34031.279
MinimumVisualStudioVersion = 10.0.40219.1
Project("{9A19103F-16F7-4668-BE54-9A1E7A4F7556}") = "Backend", "Backend\Backend.csproj", "{B3646BC2-85DD-4119-9472-CDC65A3A12A5}"
EndProject
Project("{9A19103F-16F7-4668-BE54-9A1E7A4F7556}") = "Backend.Infrastructure", "Backend.Infrastructure\Backend.Infrastructure.csproj", "{B0F88614-D98B-4F4D-841F-25B4DBB585B3}"
EndProject
Project("{9A19103F-16F7-4668-BE54-9A1E7A4F7556}") = "Backend.Model", "Backend.Model\Backend.Model.csproj", "{C167A803-4BB7-4D43-88E2-D553CD6C6850}"
EndProject
Project("{FAE04EC0-301F-11D3-BF4B-00C04F79EFBC}") = "Backend.OpenAI", "Backend.OpenAI\Backend.OpenAI.csproj", "{94332D81-BD4A-4879-ADEB-D8D78D824310}"
EndProject
Global
	GlobalSection(SolutionConfigurationPlatforms) = preSolution
		Debug|Any CPU = Debug|Any CPU
		Release|Any CPU = Release|Any CPU
	EndGlobalSection
	GlobalSection(ProjectConfigurationPlatforms) = postSolution
		{B3646BC2-85DD-4119-9472-CDC65A3A12A5}.Debug|Any CPU.ActiveCfg = Debug|Any CPU
		{B3646BC2-85DD-4119-9472-CDC65A3A12A5}.Debug|Any CPU.Build.0 = Debug|Any CPU
		{B3646BC2-85DD-4119-9472-CDC65A3A12A5}.Release|Any CPU.ActiveCfg = Release|Any CPU
		{B3646BC2-85DD-4119-9472-CDC65A3A12A5}.Release|Any CPU.Build.0 = Release|Any CPU
		{B0F88614-D98B-4F4D-841F-25B4DBB585B3}.Debug|Any CPU.ActiveCfg = Debug|Any CPU
		{B0F88614-D98B-4F4D-841F-25B4DBB585B3}.Debug|Any CPU.Build.0 = Debug|Any CPU
		{B0F88614-D98B-4F4D-841F-25B4DBB585B3}.Release|Any CPU.ActiveCfg = Release|Any CPU
		{B0F88614-D98B-4F4D-841F-25B4DBB585B3}.Release|Any CPU.Build.0 = Release|Any CPU
		{C167A803-4BB7-4D43-88E2-D553CD6C6850}.Debug|Any CPU.ActiveCfg = Debug|Any CPU
		{C167A803-4BB7-4D43-88E2-D553CD6C6850}.Debug|Any CPU.Build.0 = Debug|Any CPU
		{C167A803-4BB7-4D43-88E2-D553CD6C6850}.Release|Any CPU.ActiveCfg = Release|Any CPU
		{C167A803-4BB7-4D43-88E2-D553CD6C6850}.Release|Any CPU.Build.0 = Release|Any CPU
		{94332D81-BD4A-4879-ADEB-D8D78D824310}.Debug|Any CPU.ActiveCfg = Debug|Any CPU
		{94332D81-BD4A-4879-ADEB-D8D78D824310}.Debug|Any CPU.Build.0 = Debug|Any CPU
		{94332D81-BD4A-4879-ADEB-D8D78D824310}.Release|Any CPU.ActiveCfg = Release|Any CPU
		{94332D81-BD4A-4879-ADEB-D8D78D824310}.Release|Any CPU.Build.0 = Release|Any CPU
	EndGlobalSection
	GlobalSection(SolutionProperties) = preSolution
		HideSolutionNode = FALSE
	EndGlobalSection
	GlobalSection(ExtensibilityGlobals) = postSolution
		SolutionGuid = {D99FD7AB-FEC6-4C60-899A-BE1665CA4D05}
	EndGlobalSection
EndGlobal
